PODS:
  - Ads-CN (3.4.2.3):
    - Ads-CN/BUAdSDK (= 3.4.2.3)
  - Ads-CN/BUAdSDK (3.4.2.3):
    - Ads-CN/BUFoundation
    - Ads-CN/Domestic
  - Ads-CN/BUFoundation (3.4.2.3)
  - Ads-CN/Domestic (3.4.2.3)
  - GDTMobSDK (4.12.3):
    - GDTMobSDK/GDTMobSDK (= 4.12.3)
  - GDTMobSDK/GDTMobSDK (4.12.3)
  - IDAdSDK (0.1.10):
    - Ads-CN
    - GDTMobSDK
    - KSAdSDK (= 3.0.0.2)
    - Masonry
    - SDWebImage
  - KSAdSDK (3.0.0.2)
  - LookinServer (1.0.0)
  - Masonry (1.1.0)
  - SDWebImage (5.10.3):
    - SDWebImage/Core (= 5.10.3)
  - SDWebImage/Core (5.10.3)

DEPENDENCIES:
  - IDAdSDK (from `../`)
  - LookinServer

SPEC REPOS:
  trunk:
    - Ads-CN
    - GDTMobSDK
    - KSAdSDK
    - LookinServer
    - Masonry
    - SDWebImage

EXTERNAL SOURCES:
  IDAdSDK:
    :path: "../"

SPEC CHECKSUMS:
  Ads-CN: e73f0137d12d841eb2cfcfecbe75c0d3f74d5889
  GDTMobSDK: 1e245a7a1f3960516fa8f5fb1038a349931dbd90
  IDAdSDK: 9a10ee5da19a534d3bb5b3a3029dff4f72d61a87
  KSAdSDK: 33051b572bb1aa5d0db79bc2b5b0bdfbe72325bf
  LookinServer: 0002891cd3cec5e082a910e897dfe71b4f06b89e
  Masonry: 678fab65091a9290e40e2832a55e7ab731aad201
  SDWebImage: e378178472b735e84b007bfb55514c97948a0598

PODFILE CHECKSUM: 2b39729f4d6d1ad0857aa40c077c098ac328c0d0

COCOAPODS: 1.10.1
