PODS:
  - Ads-CN (3.4.2.3):
    - Ads-CN/BUAdSDK (= 3.4.2.3)
  - Ads-CN/BUAdSDK (3.4.2.3):
    - Ads-CN/BUFoundation
    - Ads-CN/Domestic
  - Ads-CN/BUFoundation (3.4.2.3)
  - Ads-CN/Domestic (3.4.2.3)
  - GDTMobSDK (4.12.3):
    - GDTMobSDK/GDTMobSDK (= 4.12.3)
  - GDTMobSDK/GDTMobSDK (4.12.3)
  - IDAdSDK (0.1.12):
    - Ads-CN
    - GDTMobSDK
    - Masonry
    - SDWebImage
  - LookinServer (1.0.0)
  - Masonry (1.1.0)
  - SDWebImage (5.9.4):
    - SDWebImage/Core (= 5.9.4)
  - SDWebImage/Core (5.9.4)

DEPENDENCIES:
  - IDAdSDK (from `../`)
  - LookinServer
  - Masonry
  - SDWebImage (= 5.9.4)

SPEC REPOS:
  trunk:
    - Ads-CN
    - GDTMobSDK
    - LookinServer
    - Masonry
    - SDWebImage

EXTERNAL SOURCES:
  IDAdSDK:
    :path: "../"

SPEC CHECKSUMS:
  Ads-CN: e73f0137d12d841eb2cfcfecbe75c0d3f74d5889
  GDTMobSDK: 1e245a7a1f3960516fa8f5fb1038a349931dbd90
  IDAdSDK: d48d875ad5f7e4f80f72f8006ab462e1666567fc
  LookinServer: 0002891cd3cec5e082a910e897dfe71b4f06b89e
  Masonry: 678fab65091a9290e40e2832a55e7ab731aad201
  SDWebImage: b69257f4ab14e9b6a2ef53e910fdf914d8f757c1

PODFILE CHECKSUM: 102c25f197869e8ee8fae6cbb018d0df56bb59bb

COCOAPODS: 1.10.1
